// !$*UTF8*$!
{
	archiveVersion = 1;
	classes = {
	};
	objectVersion = 56;
	objects = {

/* Begin PBXBuildFile section */
		0000E8C0290C1CCC00BE076D /* Color.xcassets in Resources */ = {isa = PBXBuildFile; fileRef = 0000E8BF290C1CCB00BE076D /* Color.xcassets */; };
		0000E8C2290C1D6700BE076D /* Colors.swift in Sources */ = {isa = PBXBuildFile; fileRef = 0000E8C1290C1D6700BE076D /* Colors.swift */; };
		00160191295B4E5C0000A92B /* FinkHeavy.ttf in Resources */ = {isa = PBXBuildFile; fileRef = 00160190295B4E5C0000A92B /* FinkHeavy.ttf */; };
		001839FD299FD95700617F89 /* CollectedButton.swift in Sources */ = {isa = PBXBuildFile; fileRef = 001839FC299FD95700617F89 /* CollectedButton.swift */; };
		00274F82299F7FA500DAA28F /* FishTests.swift in Sources */ = {isa = PBXBuildFile; fileRef = 00274F81299F7FA500DAA28F /* FishTests.swift */; };
		00274F84299F800400DAA28F /* SeaTests.swift in Sources */ = {isa = PBXBuildFile; fileRef = 00274F83299F800400DAA28F /* SeaTests.swift */; };
		002CB1B629433A480093B974 /* Name.swift in Sources */ = {isa = PBXBuildFile; fileRef = 002CB1B529433A480093B974 /* Name.swift */; };
		002CB1BA29433B1E0093B974 /* FishViewModel.swift in Sources */ = {isa = PBXBuildFile; fileRef = 002CB1B929433B1E0093B974 /* FishViewModel.swift */; };
		004A258F290BDB17009281E4 /* HomePage.swift in Sources */ = {isa = PBXBuildFile; fileRef = 004A258E290BDB17009281E4 /* HomePage.swift */; };
		004A2598290BDC03009281E4 /* FishRow.swift in Sources */ = {isa = PBXBuildFile; fileRef = 004A2597290BDC03009281E4 /* FishRow.swift */; };
		004A259C290C0D71009281E4 /* FishDetails.swift in Sources */ = {isa = PBXBuildFile; fileRef = 004A2595290BDBE9009281E4 /* FishDetails.swift */; };
		005DF1D829437E0C00F964CE /* Time.swift in Sources */ = {isa = PBXBuildFile; fileRef = 005DF1D729437E0C00F964CE /* Time.swift */; };
		005DF1DC29437F9600F964CE /* SeaCreatureViewModel.swift in Sources */ = {isa = PBXBuildFile; fileRef = 005DF1DB29437F9600F964CE /* SeaCreatureViewModel.swift */; };
		005DF1E5294881FD00F964CE /* BugRow.swift in Sources */ = {isa = PBXBuildFile; fileRef = 005DF1E4294881FD00F964CE /* BugRow.swift */; };
		005DF1E72948825A00F964CE /* BugDetails.swift in Sources */ = {isa = PBXBuildFile; fileRef = 005DF1E62948825900F964CE /* BugDetails.swift */; };
		005DF1EC29488EA300F964CE /* SeaDetails.swift in Sources */ = {isa = PBXBuildFile; fileRef = 005DF1EB29488EA200F964CE /* SeaDetails.swift */; };
		005DF1EE29488FE900F964CE /* SeaRow.swift in Sources */ = {isa = PBXBuildFile; fileRef = 005DF1ED29488FE900F964CE /* SeaRow.swift */; };
		006E8C7E2931083700127551 /* BugsViewModel.swift in Sources */ = {isa = PBXBuildFile; fileRef = 006E8C7D2931083700127551 /* BugsViewModel.swift */; };
		00730FD7299FCD5E004E8C37 /* CollectibleItem.swift in Sources */ = {isa = PBXBuildFile; fileRef = 00730FD6299FCD5E004E8C37 /* CollectibleItem.swift */; };
		0083A5B0295B648400007ED4 /* LowTideBackground.swift in Sources */ = {isa = PBXBuildFile; fileRef = 0083A5AF295B648400007ED4 /* LowTideBackground.swift */; };
		0083A5B2295C483E00007ED4 /* FishCategory.swift in Sources */ = {isa = PBXBuildFile; fileRef = 0083A5B1295C483E00007ED4 /* FishCategory.swift */; };
		0083A5B4295C533600007ED4 /* AllBugs.swift in Sources */ = {isa = PBXBuildFile; fileRef = 0083A5B3295C533600007ED4 /* AllBugs.swift */; };
		0083A5B6295C53CB00007ED4 /* SeaCategory.swift in Sources */ = {isa = PBXBuildFile; fileRef = 0083A5B5295C53CB00007ED4 /* SeaCategory.swift */; };
		0083A5BC295DEACB00007ED4 /* Rarity.swift in Sources */ = {isa = PBXBuildFile; fileRef = 0083A5BB295DEACB00007ED4 /* Rarity.swift */; };
		0083A5BE295DEB1600007ED4 /* RarityBadge.swift in Sources */ = {isa = PBXBuildFile; fileRef = 0083A5BD295DEB1600007ED4 /* RarityBadge.swift */; };
		0083A5C0295DEC4700007ED4 /* RarityViewModel.swift in Sources */ = {isa = PBXBuildFile; fileRef = 0083A5BF295DEC4700007ED4 /* RarityViewModel.swift */; };
		0083A5C82971B16600007ED4 /* Filter.swift in Sources */ = {isa = PBXBuildFile; fileRef = 0083A5C72971B16600007ED4 /* Filter.swift */; };
		0083A5D1297AD0D700007ED4 /* FishFilterButton.swift in Sources */ = {isa = PBXBuildFile; fileRef = 0083A5D0297AD0D700007ED4 /* FishFilterButton.swift */; };
		0083A5D3297AD26300007ED4 /* SeaFilterButton.swift in Sources */ = {isa = PBXBuildFile; fileRef = 0083A5D2297AD26300007ED4 /* SeaFilterButton.swift */; };
		0083A5DB298422AE00007ED4 /* BugFilterButtons.swift in Sources */ = {isa = PBXBuildFile; fileRef = 0083A5DA298422AE00007ED4 /* BugFilterButtons.swift */; };
		0083A5DD2984301E00007ED4 /* BugCategory.swift in Sources */ = {isa = PBXBuildFile; fileRef = 0083A5DC2984301E00007ED4 /* BugCategory.swift */; };
		0083A5DF2984308900007ED4 /* BugsOfTheMonth.swift in Sources */ = {isa = PBXBuildFile; fileRef = 0083A5DE2984308900007ED4 /* BugsOfTheMonth.swift */; };
		0083A5E12984321A00007ED4 /* CurrentBugs.swift in Sources */ = {isa = PBXBuildFile; fileRef = 0083A5E02984321A00007ED4 /* CurrentBugs.swift */; };
		00CFC9EE2931014500A291DB /* Availability.swift in Sources */ = {isa = PBXBuildFile; fileRef = 00CFC9EB2931014500A291DB /* Availability.swift */; };
		00D9B9592993A4FA001B9FF6 /* Collectible.swift in Sources */ = {isa = PBXBuildFile; fileRef = 00D9B9582993A4FA001B9FF6 /* Collectible.swift */; };
		00D9B95E2993A98B001B9FF6 /* Request.swift in Sources */ = {isa = PBXBuildFile; fileRef = 00D9B95D2993A98B001B9FF6 /* Request.swift */; };
		00D9B9602993A9B7001B9FF6 /* URLRequest+Networking.swift in Sources */ = {isa = PBXBuildFile; fileRef = 00D9B95F2993A9B7001B9FF6 /* URLRequest+Networking.swift */; };
		00D9B9622993A9DA001B9FF6 /* NetworkingError.swift in Sources */ = {isa = PBXBuildFile; fileRef = 00D9B9612993A9DA001B9FF6 /* NetworkingError.swift */; };
		00D9B9642993AB5C001B9FF6 /* CollectibleRequest.swift in Sources */ = {isa = PBXBuildFile; fileRef = 00D9B9632993AB5C001B9FF6 /* CollectibleRequest.swift */; };
		00D9B9672993AD21001B9FF6 /* CategoryRequest.swift in Sources */ = {isa = PBXBuildFile; fileRef = 00D9B9662993AD21001B9FF6 /* CategoryRequest.swift */; };
		00D9B96B2993ADE7001B9FF6 /* CollectibleNetworkService.swift in Sources */ = {isa = PBXBuildFile; fileRef = 00D9B96A2993ADE7001B9FF6 /* CollectibleNetworkService.swift */; };
		00D9B96D2993AE61001B9FF6 /* CollectibleService.swift in Sources */ = {isa = PBXBuildFile; fileRef = 00D9B96C2993AE61001B9FF6 /* CollectibleService.swift */; };
		00D9B96F2993F306001B9FF6 /* CollectibleImage.swift in Sources */ = {isa = PBXBuildFile; fileRef = 00D9B96E2993F306001B9FF6 /* CollectibleImage.swift */; };
		00D9B991299646EA001B9FF6 /* AnimalPocketAPITest.swift in Sources */ = {isa = PBXBuildFile; fileRef = 00D9B990299646EA001B9FF6 /* AnimalPocketAPITest.swift */; };
		00DCEADE298D16D2001D7AF4 /* MinusToggleStyle.swift in Sources */ = {isa = PBXBuildFile; fileRef = 00DCEADD298D16D2001D7AF4 /* MinusToggleStyle.swift */; };
		00DCEAE2298D25EC001D7AF4 /* BugButtons.swift in Sources */ = {isa = PBXBuildFile; fileRef = 00DCEAE1298D25EC001D7AF4 /* BugButtons.swift */; };
		00DCEAE5298D3E3C001D7AF4 /* FishButtons.swift in Sources */ = {isa = PBXBuildFile; fileRef = 00DCEAE4298D3E3C001D7AF4 /* FishButtons.swift */; };
		00DCEAE9298D3F4F001D7AF4 /* AllFish.swift in Sources */ = {isa = PBXBuildFile; fileRef = 00DCEAE8298D3F4F001D7AF4 /* AllFish.swift */; };
		00DCEAEC298D407C001D7AF4 /* CurrentFish.swift in Sources */ = {isa = PBXBuildFile; fileRef = 00DCEAEB298D407C001D7AF4 /* CurrentFish.swift */; };
		00DCEAEE298D40E8001D7AF4 /* FishOfTheMonth.swift in Sources */ = {isa = PBXBuildFile; fileRef = 00DCEAED298D40E8001D7AF4 /* FishOfTheMonth.swift */; };
		00DCEAF2298D42B7001D7AF4 /* SeaButtons.swift in Sources */ = {isa = PBXBuildFile; fileRef = 00DCEAF1298D42B7001D7AF4 /* SeaButtons.swift */; };
		00DCEAF6298D540E001D7AF4 /* AllSeaCreatures.swift in Sources */ = {isa = PBXBuildFile; fileRef = 00DCEAF5298D540E001D7AF4 /* AllSeaCreatures.swift */; };
		00DCEAF8298D54C8001D7AF4 /* SeaCreaturesOfTheMonth.swift in Sources */ = {isa = PBXBuildFile; fileRef = 00DCEAF7298D54C8001D7AF4 /* SeaCreaturesOfTheMonth.swift */; };
		00DCEAFA298D5510001D7AF4 /* CurrentSeaCreatures.swift in Sources */ = {isa = PBXBuildFile; fileRef = 00DCEAF9298D5510001D7AF4 /* CurrentSeaCreatures.swift */; };
		101AF9E6290BBD9100855FA6 /* AnimalPocketApp.swift in Sources */ = {isa = PBXBuildFile; fileRef = 101AF9E5290BBD9100855FA6 /* AnimalPocketApp.swift */; };
		101AF9EA290BBD9200855FA6 /* Assets.xcassets in Resources */ = {isa = PBXBuildFile; fileRef = 101AF9E9290BBD9200855FA6 /* Assets.xcassets */; };
		101AF9ED290BBD9200855FA6 /* Preview Assets.xcassets in Resources */ = {isa = PBXBuildFile; fileRef = 101AF9EC290BBD9200855FA6 /* Preview Assets.xcassets */; };
		101AF9F7290BBD9200855FA6 /* BugsTests.swift in Sources */ = {isa = PBXBuildFile; fileRef = 101AF9F6290BBD9200855FA6 /* BugsTests.swift */; };
		101AFA01290BBD9200855FA6 /* AnimalPocketUITests.swift in Sources */ = {isa = PBXBuildFile; fileRef = 101AFA00290BBD9200855FA6 /* AnimalPocketUITests.swift */; };
		101AFA03290BBD9200855FA6 /* AnimalPocketUITestsLaunchTests.swift in Sources */ = {isa = PBXBuildFile; fileRef = 101AFA02290BBD9200855FA6 /* AnimalPocketUITestsLaunchTests.swift */; };
		DC43DDAC29AE2FEC00DECFA4 /* CollectibleViewModel.swift in Sources */ = {isa = PBXBuildFile; fileRef = DC43DDAB29AE2FEC00DECFA4 /* CollectibleViewModel.swift */; };
		DC43DDAF29AE319A00DECFA4 /* CollectibleDetails.swift in Sources */ = {isa = PBXBuildFile; fileRef = DC43DDAE29AE319A00DECFA4 /* CollectibleDetails.swift */; };
		DC43DDB329AE3A1200DECFA4 /* CategoryRouter.swift in Sources */ = {isa = PBXBuildFile; fileRef = DC43DDB229AE3A1200DECFA4 /* CategoryRouter.swift */; };
		DC872ACE29AF5E2400E2DC47 /* AllCollectibles.swift in Sources */ = {isa = PBXBuildFile; fileRef = DC872ACD29AF5E2400E2DC47 /* AllCollectibles.swift */; };
/* End PBXBuildFile section */

/* Begin PBXContainerItemProxy section */
		00D9B992299646EA001B9FF6 /* PBXContainerItemProxy */ = {
			isa = PBXContainerItemProxy;
			containerPortal = 101AF9DA290BBD9100855FA6 /* Project object */;
			proxyType = 1;
			remoteGlobalIDString = 101AF9E1290BBD9100855FA6;
			remoteInfo = AnimalPocket;
		};
		101AF9F3290BBD9200855FA6 /* PBXContainerItemProxy */ = {
			isa = PBXContainerItemProxy;
			containerPortal = 101AF9DA290BBD9100855FA6 /* Project object */;
			proxyType = 1;
			remoteGlobalIDString = 101AF9E1290BBD9100855FA6;
			remoteInfo = AnimalPocket;
		};
		101AF9FD290BBD9200855FA6 /* PBXContainerItemProxy */ = {
			isa = PBXContainerItemProxy;
			containerPortal = 101AF9DA290BBD9100855FA6 /* Project object */;
			proxyType = 1;
			remoteGlobalIDString = 101AF9E1290BBD9100855FA6;
			remoteInfo = AnimalPocket;
		};
/* End PBXContainerItemProxy section */

/* Begin PBXFileReference section */
		0000E8BF290C1CCB00BE076D /* Color.xcassets */ = {isa = PBXFileReference; lastKnownFileType = folder.assetcatalog; name = Color.xcassets; path = Assets.xcassets/Color.xcassets; sourceTree = "<group>"; };
		0000E8C1290C1D6700BE076D /* Colors.swift */ = {isa = PBXFileReference; lastKnownFileType = sourcecode.swift; path = Colors.swift; sourceTree = "<group>"; };
		00160190295B4E5C0000A92B /* FinkHeavy.ttf */ = {isa = PBXFileReference; lastKnownFileType = file; path = FinkHeavy.ttf; sourceTree = "<group>"; };
		001839FC299FD95700617F89 /* CollectedButton.swift */ = {isa = PBXFileReference; lastKnownFileType = sourcecode.swift; path = CollectedButton.swift; sourceTree = "<group>"; };
		00274F81299F7FA500DAA28F /* FishTests.swift */ = {isa = PBXFileReference; lastKnownFileType = sourcecode.swift; path = FishTests.swift; sourceTree = "<group>"; };
		00274F83299F800400DAA28F /* SeaTests.swift */ = {isa = PBXFileReference; lastKnownFileType = sourcecode.swift; path = SeaTests.swift; sourceTree = "<group>"; };
		002CB1B529433A480093B974 /* Name.swift */ = {isa = PBXFileReference; lastKnownFileType = sourcecode.swift; path = Name.swift; sourceTree = "<group>"; };
		002CB1B929433B1E0093B974 /* FishViewModel.swift */ = {isa = PBXFileReference; lastKnownFileType = sourcecode.swift; path = FishViewModel.swift; sourceTree = "<group>"; };
		004A258E290BDB17009281E4 /* HomePage.swift */ = {isa = PBXFileReference; lastKnownFileType = sourcecode.swift; path = HomePage.swift; sourceTree = "<group>"; };
		004A2595290BDBE9009281E4 /* FishDetails.swift */ = {isa = PBXFileReference; lastKnownFileType = sourcecode.swift; path = FishDetails.swift; sourceTree = "<group>"; };
		004A2597290BDC03009281E4 /* FishRow.swift */ = {isa = PBXFileReference; lastKnownFileType = sourcecode.swift; path = FishRow.swift; sourceTree = "<group>"; };
		005DF1D729437E0C00F964CE /* Time.swift */ = {isa = PBXFileReference; lastKnownFileType = sourcecode.swift; path = Time.swift; sourceTree = "<group>"; };
		005DF1DB29437F9600F964CE /* SeaCreatureViewModel.swift */ = {isa = PBXFileReference; lastKnownFileType = sourcecode.swift; path = SeaCreatureViewModel.swift; sourceTree = "<group>"; };
		005DF1E4294881FD00F964CE /* BugRow.swift */ = {isa = PBXFileReference; lastKnownFileType = sourcecode.swift; path = BugRow.swift; sourceTree = "<group>"; };
		005DF1E62948825900F964CE /* BugDetails.swift */ = {isa = PBXFileReference; lastKnownFileType = sourcecode.swift; path = BugDetails.swift; sourceTree = "<group>"; };
		005DF1EB29488EA200F964CE /* SeaDetails.swift */ = {isa = PBXFileReference; lastKnownFileType = sourcecode.swift; path = SeaDetails.swift; sourceTree = "<group>"; };
		005DF1ED29488FE900F964CE /* SeaRow.swift */ = {isa = PBXFileReference; lastKnownFileType = sourcecode.swift; path = SeaRow.swift; sourceTree = "<group>"; };
		006E8C7D2931083700127551 /* BugsViewModel.swift */ = {isa = PBXFileReference; lastKnownFileType = sourcecode.swift; path = BugsViewModel.swift; sourceTree = "<group>"; };
		00730FD6299FCD5E004E8C37 /* CollectibleItem.swift */ = {isa = PBXFileReference; lastKnownFileType = sourcecode.swift; path = CollectibleItem.swift; sourceTree = "<group>"; };
		0083A5AF295B648400007ED4 /* LowTideBackground.swift */ = {isa = PBXFileReference; lastKnownFileType = sourcecode.swift; path = LowTideBackground.swift; sourceTree = "<group>"; };
		0083A5B1295C483E00007ED4 /* FishCategory.swift */ = {isa = PBXFileReference; lastKnownFileType = sourcecode.swift; path = FishCategory.swift; sourceTree = "<group>"; };
		0083A5B3295C533600007ED4 /* AllBugs.swift */ = {isa = PBXFileReference; lastKnownFileType = sourcecode.swift; path = AllBugs.swift; sourceTree = "<group>"; };
		0083A5B5295C53CB00007ED4 /* SeaCategory.swift */ = {isa = PBXFileReference; lastKnownFileType = sourcecode.swift; path = SeaCategory.swift; sourceTree = "<group>"; };
		0083A5BB295DEACB00007ED4 /* Rarity.swift */ = {isa = PBXFileReference; lastKnownFileType = sourcecode.swift; path = Rarity.swift; sourceTree = "<group>"; };
		0083A5BD295DEB1600007ED4 /* RarityBadge.swift */ = {isa = PBXFileReference; lastKnownFileType = sourcecode.swift; path = RarityBadge.swift; sourceTree = "<group>"; };
		0083A5BF295DEC4700007ED4 /* RarityViewModel.swift */ = {isa = PBXFileReference; lastKnownFileType = sourcecode.swift; path = RarityViewModel.swift; sourceTree = "<group>"; };
		0083A5C72971B16600007ED4 /* Filter.swift */ = {isa = PBXFileReference; lastKnownFileType = sourcecode.swift; path = Filter.swift; sourceTree = "<group>"; };
		0083A5D0297AD0D700007ED4 /* FishFilterButton.swift */ = {isa = PBXFileReference; lastKnownFileType = sourcecode.swift; path = FishFilterButton.swift; sourceTree = "<group>"; };
		0083A5D2297AD26300007ED4 /* SeaFilterButton.swift */ = {isa = PBXFileReference; lastKnownFileType = sourcecode.swift; path = SeaFilterButton.swift; sourceTree = "<group>"; };
		0083A5DA298422AE00007ED4 /* BugFilterButtons.swift */ = {isa = PBXFileReference; lastKnownFileType = sourcecode.swift; path = BugFilterButtons.swift; sourceTree = "<group>"; };
		0083A5DC2984301E00007ED4 /* BugCategory.swift */ = {isa = PBXFileReference; lastKnownFileType = sourcecode.swift; path = BugCategory.swift; sourceTree = "<group>"; };
		0083A5DE2984308900007ED4 /* BugsOfTheMonth.swift */ = {isa = PBXFileReference; lastKnownFileType = sourcecode.swift; path = BugsOfTheMonth.swift; sourceTree = "<group>"; };
		0083A5E02984321A00007ED4 /* CurrentBugs.swift */ = {isa = PBXFileReference; lastKnownFileType = sourcecode.swift; path = CurrentBugs.swift; sourceTree = "<group>"; };
		00CFC9EB2931014500A291DB /* Availability.swift */ = {isa = PBXFileReference; fileEncoding = 4; lastKnownFileType = sourcecode.swift; path = Availability.swift; sourceTree = "<group>"; };
		00D9B9582993A4FA001B9FF6 /* Collectible.swift */ = {isa = PBXFileReference; lastKnownFileType = sourcecode.swift; path = Collectible.swift; sourceTree = "<group>"; };
		00D9B95D2993A98B001B9FF6 /* Request.swift */ = {isa = PBXFileReference; lastKnownFileType = sourcecode.swift; path = Request.swift; sourceTree = "<group>"; };
		00D9B95F2993A9B7001B9FF6 /* URLRequest+Networking.swift */ = {isa = PBXFileReference; lastKnownFileType = sourcecode.swift; path = "URLRequest+Networking.swift"; sourceTree = "<group>"; };
		00D9B9612993A9DA001B9FF6 /* NetworkingError.swift */ = {isa = PBXFileReference; lastKnownFileType = sourcecode.swift; path = NetworkingError.swift; sourceTree = "<group>"; };
		00D9B9632993AB5C001B9FF6 /* CollectibleRequest.swift */ = {isa = PBXFileReference; lastKnownFileType = sourcecode.swift; path = CollectibleRequest.swift; sourceTree = "<group>"; };
		00D9B9662993AD21001B9FF6 /* CategoryRequest.swift */ = {isa = PBXFileReference; lastKnownFileType = sourcecode.swift; path = CategoryRequest.swift; sourceTree = "<group>"; };
		00D9B96A2993ADE7001B9FF6 /* CollectibleNetworkService.swift */ = {isa = PBXFileReference; lastKnownFileType = sourcecode.swift; path = CollectibleNetworkService.swift; sourceTree = "<group>"; };
		00D9B96C2993AE61001B9FF6 /* CollectibleService.swift */ = {isa = PBXFileReference; lastKnownFileType = sourcecode.swift; path = CollectibleService.swift; sourceTree = "<group>"; };
		00D9B96E2993F306001B9FF6 /* CollectibleImage.swift */ = {isa = PBXFileReference; lastKnownFileType = sourcecode.swift; path = CollectibleImage.swift; sourceTree = "<group>"; };
		00D9B98E299646EA001B9FF6 /* AnimalPocketAPITest.xctest */ = {isa = PBXFileReference; explicitFileType = wrapper.cfbundle; includeInIndex = 0; path = AnimalPocketAPITest.xctest; sourceTree = BUILT_PRODUCTS_DIR; };
		00D9B990299646EA001B9FF6 /* AnimalPocketAPITest.swift */ = {isa = PBXFileReference; lastKnownFileType = sourcecode.swift; path = AnimalPocketAPITest.swift; sourceTree = "<group>"; };
		00DCEADD298D16D2001D7AF4 /* MinusToggleStyle.swift */ = {isa = PBXFileReference; lastKnownFileType = sourcecode.swift; path = MinusToggleStyle.swift; sourceTree = "<group>"; };
		00DCEAE1298D25EC001D7AF4 /* BugButtons.swift */ = {isa = PBXFileReference; lastKnownFileType = sourcecode.swift; path = BugButtons.swift; sourceTree = "<group>"; };
		00DCEAE4298D3E3C001D7AF4 /* FishButtons.swift */ = {isa = PBXFileReference; lastKnownFileType = sourcecode.swift; path = FishButtons.swift; sourceTree = "<group>"; };
		00DCEAE8298D3F4F001D7AF4 /* AllFish.swift */ = {isa = PBXFileReference; lastKnownFileType = sourcecode.swift; path = AllFish.swift; sourceTree = "<group>"; };
		00DCEAEB298D407C001D7AF4 /* CurrentFish.swift */ = {isa = PBXFileReference; lastKnownFileType = sourcecode.swift; path = CurrentFish.swift; sourceTree = "<group>"; };
		00DCEAED298D40E8001D7AF4 /* FishOfTheMonth.swift */ = {isa = PBXFileReference; lastKnownFileType = sourcecode.swift; path = FishOfTheMonth.swift; sourceTree = "<group>"; };
		00DCEAF1298D42B7001D7AF4 /* SeaButtons.swift */ = {isa = PBXFileReference; lastKnownFileType = sourcecode.swift; path = SeaButtons.swift; sourceTree = "<group>"; };
		00DCEAF5298D540E001D7AF4 /* AllSeaCreatures.swift */ = {isa = PBXFileReference; lastKnownFileType = sourcecode.swift; path = AllSeaCreatures.swift; sourceTree = "<group>"; };
		00DCEAF7298D54C8001D7AF4 /* SeaCreaturesOfTheMonth.swift */ = {isa = PBXFileReference; lastKnownFileType = sourcecode.swift; path = SeaCreaturesOfTheMonth.swift; sourceTree = "<group>"; };
		00DCEAF9298D5510001D7AF4 /* CurrentSeaCreatures.swift */ = {isa = PBXFileReference; lastKnownFileType = sourcecode.swift; path = CurrentSeaCreatures.swift; sourceTree = "<group>"; };
		00F790F4295B0101004E4B02 /* Info.plist */ = {isa = PBXFileReference; lastKnownFileType = text.plist; path = Info.plist; sourceTree = "<group>"; };
		101AF9E2290BBD9100855FA6 /* AnimalPocket.app */ = {isa = PBXFileReference; explicitFileType = wrapper.application; includeInIndex = 0; path = AnimalPocket.app; sourceTree = BUILT_PRODUCTS_DIR; };
		101AF9E5290BBD9100855FA6 /* AnimalPocketApp.swift */ = {isa = PBXFileReference; lastKnownFileType = sourcecode.swift; path = AnimalPocketApp.swift; sourceTree = "<group>"; };
		101AF9E9290BBD9200855FA6 /* Assets.xcassets */ = {isa = PBXFileReference; lastKnownFileType = folder.assetcatalog; path = Assets.xcassets; sourceTree = "<group>"; };
		101AF9EC290BBD9200855FA6 /* Preview Assets.xcassets */ = {isa = PBXFileReference; lastKnownFileType = folder.assetcatalog; path = "Preview Assets.xcassets"; sourceTree = "<group>"; };
		101AF9F2290BBD9200855FA6 /* AnimalPocketTests.xctest */ = {isa = PBXFileReference; explicitFileType = wrapper.cfbundle; includeInIndex = 0; path = AnimalPocketTests.xctest; sourceTree = BUILT_PRODUCTS_DIR; };
		101AF9F6290BBD9200855FA6 /* BugsTests.swift */ = {isa = PBXFileReference; lastKnownFileType = sourcecode.swift; path = BugsTests.swift; sourceTree = "<group>"; };
		101AF9FC290BBD9200855FA6 /* AnimalPocketUITests.xctest */ = {isa = PBXFileReference; explicitFileType = wrapper.cfbundle; includeInIndex = 0; path = AnimalPocketUITests.xctest; sourceTree = BUILT_PRODUCTS_DIR; };
		101AFA00290BBD9200855FA6 /* AnimalPocketUITests.swift */ = {isa = PBXFileReference; lastKnownFileType = sourcecode.swift; path = AnimalPocketUITests.swift; sourceTree = "<group>"; };
		101AFA02290BBD9200855FA6 /* AnimalPocketUITestsLaunchTests.swift */ = {isa = PBXFileReference; lastKnownFileType = sourcecode.swift; path = AnimalPocketUITestsLaunchTests.swift; sourceTree = "<group>"; };
		DC43DDAB29AE2FEC00DECFA4 /* CollectibleViewModel.swift */ = {isa = PBXFileReference; lastKnownFileType = sourcecode.swift; path = CollectibleViewModel.swift; sourceTree = "<group>"; };
		DC43DDAE29AE319A00DECFA4 /* CollectibleDetails.swift */ = {isa = PBXFileReference; lastKnownFileType = sourcecode.swift; path = CollectibleDetails.swift; sourceTree = "<group>"; };
		DC43DDB229AE3A1200DECFA4 /* CategoryRouter.swift */ = {isa = PBXFileReference; lastKnownFileType = sourcecode.swift; path = CategoryRouter.swift; sourceTree = "<group>"; };
		DC872ACD29AF5E2400E2DC47 /* AllCollectibles.swift */ = {isa = PBXFileReference; lastKnownFileType = sourcecode.swift; path = AllCollectibles.swift; sourceTree = "<group>"; };
/* End PBXFileReference section */

/* Begin PBXFrameworksBuildPhase section */
		00D9B98B299646EA001B9FF6 /* Frameworks */ = {
			isa = PBXFrameworksBuildPhase;
			buildActionMask = 2147483647;
			files = (
			);
			runOnlyForDeploymentPostprocessing = 0;
		};
		101AF9DF290BBD9100855FA6 /* Frameworks */ = {
			isa = PBXFrameworksBuildPhase;
			buildActionMask = 2147483647;
			files = (
			);
			runOnlyForDeploymentPostprocessing = 0;
		};
		101AF9EF290BBD9200855FA6 /* Frameworks */ = {
			isa = PBXFrameworksBuildPhase;
			buildActionMask = 2147483647;
			files = (
			);
			runOnlyForDeploymentPostprocessing = 0;
		};
		101AF9F9290BBD9200855FA6 /* Frameworks */ = {
			isa = PBXFrameworksBuildPhase;
			buildActionMask = 2147483647;
			files = (
			);
			runOnlyForDeploymentPostprocessing = 0;
		};
/* End PBXFrameworksBuildPhase section */

/* Begin PBXGroup section */
		004A258C290BD9A3009281E4 /* Views */ = {
			isa = PBXGroup;
			children = (
				DC43DDAD29AE318400DECFA4 /* Collectibles */,
				004A258E290BDB17009281E4 /* HomePage.swift */,
				00730FD6299FCD5E004E8C37 /* CollectibleItem.swift */,
				005DF1E829488DCC00F964CE /* SeaItems */,
				005DF1E12948805C00F964CE /* BugItems */,
				004A2599290BDC42009281E4 /* Helpers */,
				004A2590290BDB63009281E4 /* FishItems */,
			);
			path = Views;
			sourceTree = "<group>";
		};
		004A2590290BDB63009281E4 /* FishItems */ = {
			isa = PBXGroup;
			children = (
				004A2595290BDBE9009281E4 /* FishDetails.swift */,
				0083A5B1295C483E00007ED4 /* FishCategory.swift */,
				004A2597290BDC03009281E4 /* FishRow.swift */,
				00DCEAEA298D406A001D7AF4 /* FilteredFish */,
				00DCEAE6298D3E96001D7AF4 /* FishButtons */,
			);
			path = FishItems;
			sourceTree = "<group>";
		};
		004A2599290BDC42009281E4 /* Helpers */ = {
			isa = PBXGroup;
			children = (
				00160190295B4E5C0000A92B /* FinkHeavy.ttf */,
				0000E8C1290C1D6700BE076D /* Colors.swift */,
				0083A5AF295B648400007ED4 /* LowTideBackground.swift */,
				0083A5BD295DEB1600007ED4 /* RarityBadge.swift */,
				00DCEADD298D16D2001D7AF4 /* MinusToggleStyle.swift */,
				00D9B96E2993F306001B9FF6 /* CollectibleImage.swift */,
				001839FC299FD95700617F89 /* CollectedButton.swift */,
			);
			path = Helpers;
			sourceTree = "<group>";
		};
		004A259A290BDC54009281E4 /* ViewModels */ = {
			isa = PBXGroup;
			children = (
				006E8C7D2931083700127551 /* BugsViewModel.swift */,
				DC43DDAB29AE2FEC00DECFA4 /* CollectibleViewModel.swift */,
				002CB1B929433B1E0093B974 /* FishViewModel.swift */,
				005DF1DB29437F9600F964CE /* SeaCreatureViewModel.swift */,
				0083A5BF295DEC4700007ED4 /* RarityViewModel.swift */,
			);
			path = ViewModels;
			sourceTree = "<group>";
		};
		004A259B290BDC61009281E4 /* Models */ = {
			isa = PBXGroup;
			children = (
				00D9B9582993A4FA001B9FF6 /* Collectible.swift */,
				00CFC9EB2931014500A291DB /* Availability.swift */,
				002CB1B529433A480093B974 /* Name.swift */,
				0083A5BB295DEACB00007ED4 /* Rarity.swift */,
				005DF1D729437E0C00F964CE /* Time.swift */,
				0083A5C72971B16600007ED4 /* Filter.swift */,
			);
			path = Models;
			sourceTree = "<group>";
		};
		005DF1E12948805C00F964CE /* BugItems */ = {
			isa = PBXGroup;
			children = (
				0083A5DC2984301E00007ED4 /* BugCategory.swift */,
				005DF1E4294881FD00F964CE /* BugRow.swift */,
				005DF1E62948825900F964CE /* BugDetails.swift */,
				00DCEAE3298D3DED001D7AF4 /* BugButtons */,
				00DCEADF298D2547001D7AF4 /* FilteredBugs */,
			);
			path = BugItems;
			sourceTree = "<group>";
		};
		005DF1E829488DCC00F964CE /* SeaItems */ = {
			isa = PBXGroup;
			children = (
				0083A5B5295C53CB00007ED4 /* SeaCategory.swift */,
				005DF1ED29488FE900F964CE /* SeaRow.swift */,
				005DF1EB29488EA200F964CE /* SeaDetails.swift */,
				00DCEAF4298D53BD001D7AF4 /* FilteredSeaCreatures */,
				00DCEAF0298D4294001D7AF4 /* SeaButtons */,
			);
			path = SeaItems;
			sourceTree = "<group>";
		};
		00D9B95C2993A97F001B9FF6 /* Networking */ = {
			isa = PBXGroup;
			children = (
				00D9B95D2993A98B001B9FF6 /* Request.swift */,
				00D9B95F2993A9B7001B9FF6 /* URLRequest+Networking.swift */,
				00D9B9612993A9DA001B9FF6 /* NetworkingError.swift */,
			);
			path = Networking;
			sourceTree = "<group>";
		};
		00D9B9652993AC2E001B9FF6 /* Collectibles */ = {
			isa = PBXGroup;
			children = (
				00D9B9692993ADD3001B9FF6 /* Services */,
				00D9B9682993ADBE001B9FF6 /* Request */,
			);
			path = Collectibles;
			sourceTree = "<group>";
		};
		00D9B9682993ADBE001B9FF6 /* Request */ = {
			isa = PBXGroup;
			children = (
				00D9B9632993AB5C001B9FF6 /* CollectibleRequest.swift */,
				00D9B9662993AD21001B9FF6 /* CategoryRequest.swift */,
				DC43DDB229AE3A1200DECFA4 /* CategoryRouter.swift */,
			);
			path = Request;
			sourceTree = "<group>";
		};
		00D9B9692993ADD3001B9FF6 /* Services */ = {
			isa = PBXGroup;
			children = (
				00D9B96A2993ADE7001B9FF6 /* CollectibleNetworkService.swift */,
				00D9B96C2993AE61001B9FF6 /* CollectibleService.swift */,
			);
			path = Services;
			sourceTree = "<group>";
		};
		00D9B98F299646EA001B9FF6 /* AnimalPocketAPITest */ = {
			isa = PBXGroup;
			children = (
				00D9B990299646EA001B9FF6 /* AnimalPocketAPITest.swift */,
			);
			path = AnimalPocketAPITest;
			sourceTree = "<group>";
		};
		00DCEADF298D2547001D7AF4 /* FilteredBugs */ = {
			isa = PBXGroup;
			children = (
				0083A5DE2984308900007ED4 /* BugsOfTheMonth.swift */,
				0083A5E02984321A00007ED4 /* CurrentBugs.swift */,
				0083A5B3295C533600007ED4 /* AllBugs.swift */,
			);
			path = FilteredBugs;
			sourceTree = "<group>";
		};
		00DCEAE3298D3DED001D7AF4 /* BugButtons */ = {
			isa = PBXGroup;
			children = (
				0083A5DA298422AE00007ED4 /* BugFilterButtons.swift */,
				00DCEAE1298D25EC001D7AF4 /* BugButtons.swift */,
			);
			path = BugButtons;
			sourceTree = "<group>";
		};
		00DCEAE6298D3E96001D7AF4 /* FishButtons */ = {
			isa = PBXGroup;
			children = (
				00DCEAE4298D3E3C001D7AF4 /* FishButtons.swift */,
				0083A5D0297AD0D700007ED4 /* FishFilterButton.swift */,
			);
			path = FishButtons;
			sourceTree = "<group>";
		};
		00DCEAEA298D406A001D7AF4 /* FilteredFish */ = {
			isa = PBXGroup;
			children = (
				00DCEAE8298D3F4F001D7AF4 /* AllFish.swift */,
				00DCEAEB298D407C001D7AF4 /* CurrentFish.swift */,
				00DCEAED298D40E8001D7AF4 /* FishOfTheMonth.swift */,
			);
			path = FilteredFish;
			sourceTree = "<group>";
		};
		00DCEAF0298D4294001D7AF4 /* SeaButtons */ = {
			isa = PBXGroup;
			children = (
				0083A5D2297AD26300007ED4 /* SeaFilterButton.swift */,
				00DCEAF1298D42B7001D7AF4 /* SeaButtons.swift */,
			);
			path = SeaButtons;
			sourceTree = "<group>";
		};
		00DCEAF4298D53BD001D7AF4 /* FilteredSeaCreatures */ = {
			isa = PBXGroup;
			children = (
				00DCEAF5298D540E001D7AF4 /* AllSeaCreatures.swift */,
				00DCEAF7298D54C8001D7AF4 /* SeaCreaturesOfTheMonth.swift */,
				00DCEAF9298D5510001D7AF4 /* CurrentSeaCreatures.swift */,
			);
			path = FilteredSeaCreatures;
			sourceTree = "<group>";
		};
		101AF9D9290BBD9100855FA6 = {
			isa = PBXGroup;
			children = (
				101AF9E4290BBD9100855FA6 /* AnimalPocket */,
				101AF9F5290BBD9200855FA6 /* AnimalPocketTests */,
				101AF9FF290BBD9200855FA6 /* AnimalPocketUITests */,
				00D9B98F299646EA001B9FF6 /* AnimalPocketAPITest */,
				101AF9E3290BBD9100855FA6 /* Products */,
			);
			sourceTree = "<group>";
		};
		101AF9E3290BBD9100855FA6 /* Products */ = {
			isa = PBXGroup;
			children = (
				101AF9E2290BBD9100855FA6 /* AnimalPocket.app */,
				101AF9F2290BBD9200855FA6 /* AnimalPocketTests.xctest */,
				101AF9FC290BBD9200855FA6 /* AnimalPocketUITests.xctest */,
				00D9B98E299646EA001B9FF6 /* AnimalPocketAPITest.xctest */,
			);
			name = Products;
			sourceTree = "<group>";
		};
		101AF9E4290BBD9100855FA6 /* AnimalPocket */ = {
			isa = PBXGroup;
			children = (
				00F790F4295B0101004E4B02 /* Info.plist */,
				101AF9EB290BBD9200855FA6 /* Preview Content */,
				00D9B9652993AC2E001B9FF6 /* Collectibles */,
				00D9B95C2993A97F001B9FF6 /* Networking */,
				004A259B290BDC61009281E4 /* Models */,
				004A259A290BDC54009281E4 /* ViewModels */,
				004A258C290BD9A3009281E4 /* Views */,
				101AF9E5290BBD9100855FA6 /* AnimalPocketApp.swift */,
				101AF9E9290BBD9200855FA6 /* Assets.xcassets */,
				0000E8BF290C1CCB00BE076D /* Color.xcassets */,
			);
			path = AnimalPocket;
			sourceTree = "<group>";
		};
		101AF9EB290BBD9200855FA6 /* Preview Content */ = {
			isa = PBXGroup;
			children = (
				101AF9EC290BBD9200855FA6 /* Preview Assets.xcassets */,
			);
			path = "Preview Content";
			sourceTree = "<group>";
		};
		101AF9F5290BBD9200855FA6 /* AnimalPocketTests */ = {
			isa = PBXGroup;
			children = (
				101AF9F6290BBD9200855FA6 /* BugsTests.swift */,
				00274F81299F7FA500DAA28F /* FishTests.swift */,
				00274F83299F800400DAA28F /* SeaTests.swift */,
			);
			path = AnimalPocketTests;
			sourceTree = "<group>";
		};
		101AF9FF290BBD9200855FA6 /* AnimalPocketUITests */ = {
			isa = PBXGroup;
			children = (
				101AFA00290BBD9200855FA6 /* AnimalPocketUITests.swift */,
				101AFA02290BBD9200855FA6 /* AnimalPocketUITestsLaunchTests.swift */,
			);
			path = AnimalPocketUITests;
			sourceTree = "<group>";
		};
		DC43DDAD29AE318400DECFA4 /* Collectibles */ = {
			isa = PBXGroup;
			children = (
				DC43DDAE29AE319A00DECFA4 /* CollectibleDetails.swift */,
				DC872ACD29AF5E2400E2DC47 /* AllCollectibles.swift */,
			);
			path = Collectibles;
			sourceTree = "<group>";
		};
/* End PBXGroup section */

/* Begin PBXNativeTarget section */
		00D9B98D299646EA001B9FF6 /* AnimalPocketAPITest */ = {
			isa = PBXNativeTarget;
			buildConfigurationList = 00D9B996299646EA001B9FF6 /* Build configuration list for PBXNativeTarget "AnimalPocketAPITest" */;
			buildPhases = (
				00D9B98A299646EA001B9FF6 /* Sources */,
				00D9B98B299646EA001B9FF6 /* Frameworks */,
				00D9B98C299646EA001B9FF6 /* Resources */,
			);
			buildRules = (
			);
			dependencies = (
				00D9B993299646EA001B9FF6 /* PBXTargetDependency */,
			);
			name = AnimalPocketAPITest;
			productName = AnimalPocketAPITest;
			productReference = 00D9B98E299646EA001B9FF6 /* AnimalPocketAPITest.xctest */;
			productType = "com.apple.product-type.bundle.unit-test";
		};
		101AF9E1290BBD9100855FA6 /* AnimalPocket */ = {
			isa = PBXNativeTarget;
			buildConfigurationList = 101AFA06290BBD9200855FA6 /* Build configuration list for PBXNativeTarget "AnimalPocket" */;
			buildPhases = (
				101AF9DE290BBD9100855FA6 /* Sources */,
				101AF9DF290BBD9100855FA6 /* Frameworks */,
				101AF9E0290BBD9100855FA6 /* Resources */,
			);
			buildRules = (
			);
			dependencies = (
			);
			name = AnimalPocket;
			productName = AnimalPocket;
			productReference = 101AF9E2290BBD9100855FA6 /* AnimalPocket.app */;
			productType = "com.apple.product-type.application";
		};
		101AF9F1290BBD9200855FA6 /* AnimalPocketTests */ = {
			isa = PBXNativeTarget;
			buildConfigurationList = 101AFA09290BBD9200855FA6 /* Build configuration list for PBXNativeTarget "AnimalPocketTests" */;
			buildPhases = (
				101AF9EE290BBD9200855FA6 /* Sources */,
				101AF9EF290BBD9200855FA6 /* Frameworks */,
				101AF9F0290BBD9200855FA6 /* Resources */,
			);
			buildRules = (
			);
			dependencies = (
				101AF9F4290BBD9200855FA6 /* PBXTargetDependency */,
			);
			name = AnimalPocketTests;
			productName = AnimalPocketTests;
			productReference = 101AF9F2290BBD9200855FA6 /* AnimalPocketTests.xctest */;
			productType = "com.apple.product-type.bundle.unit-test";
		};
		101AF9FB290BBD9200855FA6 /* AnimalPocketUITests */ = {
			isa = PBXNativeTarget;
			buildConfigurationList = 101AFA0C290BBD9200855FA6 /* Build configuration list for PBXNativeTarget "AnimalPocketUITests" */;
			buildPhases = (
				101AF9F8290BBD9200855FA6 /* Sources */,
				101AF9F9290BBD9200855FA6 /* Frameworks */,
				101AF9FA290BBD9200855FA6 /* Resources */,
			);
			buildRules = (
			);
			dependencies = (
				101AF9FE290BBD9200855FA6 /* PBXTargetDependency */,
			);
			name = AnimalPocketUITests;
			productName = AnimalPocketUITests;
			productReference = 101AF9FC290BBD9200855FA6 /* AnimalPocketUITests.xctest */;
			productType = "com.apple.product-type.bundle.ui-testing";
		};
/* End PBXNativeTarget section */

/* Begin PBXProject section */
		101AF9DA290BBD9100855FA6 /* Project object */ = {
			isa = PBXProject;
			attributes = {
				BuildIndependentTargetsInParallel = 1;
				LastSwiftUpdateCheck = 1420;
				LastUpgradeCheck = 1400;
				TargetAttributes = {
					00D9B98D299646EA001B9FF6 = {
						CreatedOnToolsVersion = 14.2;
						TestTargetID = 101AF9E1290BBD9100855FA6;
					};
					101AF9E1290BBD9100855FA6 = {
						CreatedOnToolsVersion = 14.0.1;
					};
					101AF9F1290BBD9200855FA6 = {
						CreatedOnToolsVersion = 14.0.1;
						TestTargetID = 101AF9E1290BBD9100855FA6;
					};
					101AF9FB290BBD9200855FA6 = {
						CreatedOnToolsVersion = 14.0.1;
						TestTargetID = 101AF9E1290BBD9100855FA6;
					};
				};
			};
			buildConfigurationList = 101AF9DD290BBD9100855FA6 /* Build configuration list for PBXProject "AnimalPocket" */;
			compatibilityVersion = "Xcode 14.0";
			developmentRegion = en;
			hasScannedForEncodings = 0;
			knownRegions = (
				en,
				Base,
			);
			mainGroup = 101AF9D9290BBD9100855FA6;
			productRefGroup = 101AF9E3290BBD9100855FA6 /* Products */;
			projectDirPath = "";
			projectRoot = "";
			targets = (
				101AF9E1290BBD9100855FA6 /* AnimalPocket */,
				101AF9F1290BBD9200855FA6 /* AnimalPocketTests */,
				101AF9FB290BBD9200855FA6 /* AnimalPocketUITests */,
				00D9B98D299646EA001B9FF6 /* AnimalPocketAPITest */,
			);
		};
/* End PBXProject section */

/* Begin PBXResourcesBuildPhase section */
		00D9B98C299646EA001B9FF6 /* Resources */ = {
			isa = PBXResourcesBuildPhase;
			buildActionMask = 2147483647;
			files = (
			);
			runOnlyForDeploymentPostprocessing = 0;
		};
		101AF9E0290BBD9100855FA6 /* Resources */ = {
			isa = PBXResourcesBuildPhase;
			buildActionMask = 2147483647;
			files = (
				0000E8C0290C1CCC00BE076D /* Color.xcassets in Resources */,
				101AF9ED290BBD9200855FA6 /* Preview Assets.xcassets in Resources */,
				00160191295B4E5C0000A92B /* FinkHeavy.ttf in Resources */,
				101AF9EA290BBD9200855FA6 /* Assets.xcassets in Resources */,
			);
			runOnlyForDeploymentPostprocessing = 0;
		};
		101AF9F0290BBD9200855FA6 /* Resources */ = {
			isa = PBXResourcesBuildPhase;
			buildActionMask = 2147483647;
			files = (
			);
			runOnlyForDeploymentPostprocessing = 0;
		};
		101AF9FA290BBD9200855FA6 /* Resources */ = {
			isa = PBXResourcesBuildPhase;
			buildActionMask = 2147483647;
			files = (
			);
			runOnlyForDeploymentPostprocessing = 0;
		};
/* End PBXResourcesBuildPhase section */

/* Begin PBXSourcesBuildPhase section */
		00D9B98A299646EA001B9FF6 /* Sources */ = {
			isa = PBXSourcesBuildPhase;
			buildActionMask = 2147483647;
			files = (
				00D9B991299646EA001B9FF6 /* AnimalPocketAPITest.swift in Sources */,
			);
			runOnlyForDeploymentPostprocessing = 0;
		};
		101AF9DE290BBD9100855FA6 /* Sources */ = {
			isa = PBXSourcesBuildPhase;
			buildActionMask = 2147483647;
			files = (
				00DCEADE298D16D2001D7AF4 /* MinusToggleStyle.swift in Sources */,
				00D9B95E2993A98B001B9FF6 /* Request.swift in Sources */,
				DC43DDB329AE3A1200DECFA4 /* CategoryRouter.swift in Sources */,
				0083A5DD2984301E00007ED4 /* BugCategory.swift in Sources */,
				002CB1BA29433B1E0093B974 /* FishViewModel.swift in Sources */,
				00D9B9622993A9DA001B9FF6 /* NetworkingError.swift in Sources */,
				0083A5BC295DEACB00007ED4 /* Rarity.swift in Sources */,
				00D9B9592993A4FA001B9FF6 /* Collectible.swift in Sources */,
				00D9B9602993A9B7001B9FF6 /* URLRequest+Networking.swift in Sources */,
				005DF1D829437E0C00F964CE /* Time.swift in Sources */,
				0083A5DB298422AE00007ED4 /* BugFilterButtons.swift in Sources */,
				004A259C290C0D71009281E4 /* FishDetails.swift in Sources */,
				005DF1DC29437F9600F964CE /* SeaCreatureViewModel.swift in Sources */,
				00DCEAF8298D54C8001D7AF4 /* SeaCreaturesOfTheMonth.swift in Sources */,
				004A2598290BDC03009281E4 /* FishRow.swift in Sources */,
				0083A5B6295C53CB00007ED4 /* SeaCategory.swift in Sources */,
				00D9B96F2993F306001B9FF6 /* CollectibleImage.swift in Sources */,
				004A258F290BDB17009281E4 /* HomePage.swift in Sources */,
				00D9B96B2993ADE7001B9FF6 /* CollectibleNetworkService.swift in Sources */,
				0083A5B0295B648400007ED4 /* LowTideBackground.swift in Sources */,
				0083A5E12984321A00007ED4 /* CurrentBugs.swift in Sources */,
				0083A5D3297AD26300007ED4 /* SeaFilterButton.swift in Sources */,
				00D9B9672993AD21001B9FF6 /* CategoryRequest.swift in Sources */,
				0000E8C2290C1D6700BE076D /* Colors.swift in Sources */,
				DC872ACE29AF5E2400E2DC47 /* AllCollectibles.swift in Sources */,
				0083A5C82971B16600007ED4 /* Filter.swift in Sources */,
				00DCEAE5298D3E3C001D7AF4 /* FishButtons.swift in Sources */,
				005DF1E5294881FD00F964CE /* BugRow.swift in Sources */,
				0083A5B4295C533600007ED4 /* AllBugs.swift in Sources */,
				DC43DDAF29AE319A00DECFA4 /* CollectibleDetails.swift in Sources */,
				001839FD299FD95700617F89 /* CollectedButton.swift in Sources */,
				005DF1EC29488EA300F964CE /* SeaDetails.swift in Sources */,
				00730FD7299FCD5E004E8C37 /* CollectibleItem.swift in Sources */,
				00CFC9EE2931014500A291DB /* Availability.swift in Sources */,
				00DCEAFA298D5510001D7AF4 /* CurrentSeaCreatures.swift in Sources */,
				00DCEAE9298D3F4F001D7AF4 /* AllFish.swift in Sources */,
				00DCEAEC298D407C001D7AF4 /* CurrentFish.swift in Sources */,
				0083A5B2295C483E00007ED4 /* FishCategory.swift in Sources */,
				0083A5DF2984308900007ED4 /* BugsOfTheMonth.swift in Sources */,
				0083A5D1297AD0D700007ED4 /* FishFilterButton.swift in Sources */,
				00DCEAEE298D40E8001D7AF4 /* FishOfTheMonth.swift in Sources */,
				00DCEAF2298D42B7001D7AF4 /* SeaButtons.swift in Sources */,
				00DCEAE2298D25EC001D7AF4 /* BugButtons.swift in Sources */,
				0083A5C0295DEC4700007ED4 /* RarityViewModel.swift in Sources */,
				00D9B96D2993AE61001B9FF6 /* CollectibleService.swift in Sources */,
				101AF9E6290BBD9100855FA6 /* AnimalPocketApp.swift in Sources */,
				DC43DDAC29AE2FEC00DECFA4 /* CollectibleViewModel.swift in Sources */,
				002CB1B629433A480093B974 /* Name.swift in Sources */,
				005DF1EE29488FE900F964CE /* SeaRow.swift in Sources */,
				0083A5BE295DEB1600007ED4 /* RarityBadge.swift in Sources */,
				00DCEAF6298D540E001D7AF4 /* AllSeaCreatures.swift in Sources */,
				006E8C7E2931083700127551 /* BugsViewModel.swift in Sources */,
				005DF1E72948825A00F964CE /* BugDetails.swift in Sources */,
				00D9B9642993AB5C001B9FF6 /* CollectibleRequest.swift in Sources */,
			);
			runOnlyForDeploymentPostprocessing = 0;
		};
		101AF9EE290BBD9200855FA6 /* Sources */ = {
			isa = PBXSourcesBuildPhase;
			buildActionMask = 2147483647;
			files = (
				00274F84299F800400DAA28F /* SeaTests.swift in Sources */,
				101AF9F7290BBD9200855FA6 /* BugsTests.swift in Sources */,
				00274F82299F7FA500DAA28F /* FishTests.swift in Sources */,
			);
			runOnlyForDeploymentPostprocessing = 0;
		};
		101AF9F8290BBD9200855FA6 /* Sources */ = {
			isa = PBXSourcesBuildPhase;
			buildActionMask = 2147483647;
			files = (
				101AFA03290BBD9200855FA6 /* AnimalPocketUITestsLaunchTests.swift in Sources */,
				101AFA01290BBD9200855FA6 /* AnimalPocketUITests.swift in Sources */,
			);
			runOnlyForDeploymentPostprocessing = 0;
		};
/* End PBXSourcesBuildPhase section */

/* Begin PBXTargetDependency section */
		00D9B993299646EA001B9FF6 /* PBXTargetDependency */ = {
			isa = PBXTargetDependency;
			target = 101AF9E1290BBD9100855FA6 /* AnimalPocket */;
			targetProxy = 00D9B992299646EA001B9FF6 /* PBXContainerItemProxy */;
		};
		101AF9F4290BBD9200855FA6 /* PBXTargetDependency */ = {
			isa = PBXTargetDependency;
			target = 101AF9E1290BBD9100855FA6 /* AnimalPocket */;
			targetProxy = 101AF9F3290BBD9200855FA6 /* PBXContainerItemProxy */;
		};
		101AF9FE290BBD9200855FA6 /* PBXTargetDependency */ = {
			isa = PBXTargetDependency;
			target = 101AF9E1290BBD9100855FA6 /* AnimalPocket */;
			targetProxy = 101AF9FD290BBD9200855FA6 /* PBXContainerItemProxy */;
		};
/* End PBXTargetDependency section */

/* Begin XCBuildConfiguration section */
		00D9B994299646EA001B9FF6 /* Debug */ = {
			isa = XCBuildConfiguration;
			buildSettings = {
				BUNDLE_LOADER = "$(TEST_HOST)";
				CODE_SIGN_STYLE = Automatic;
				CURRENT_PROJECT_VERSION = 1;
				DEVELOPMENT_TEAM = KVCLVWK89H;
				GENERATE_INFOPLIST_FILE = YES;
				IPHONEOS_DEPLOYMENT_TARGET = 16.2;
				MACOSX_DEPLOYMENT_TARGET = 12.6;
				MARKETING_VERSION = 1.0;
				PRODUCT_BUNDLE_IDENTIFIER = com.salaceairline.AnimalPocketAPITest;
				PRODUCT_NAME = "$(TARGET_NAME)";
				SDKROOT = auto;
				SUPPORTED_PLATFORMS = "iphoneos iphonesimulator macosx";
				SWIFT_EMIT_LOC_STRINGS = NO;
				SWIFT_VERSION = 5.0;
				TARGETED_DEVICE_FAMILY = "1,2";
				TEST_HOST = "$(BUILT_PRODUCTS_DIR)/AnimalPocket.app/$(BUNDLE_EXECUTABLE_FOLDER_PATH)/AnimalPocket";
			};
			name = Debug;
		};
		00D9B995299646EA001B9FF6 /* Release */ = {
			isa = XCBuildConfiguration;
			buildSettings = {
				BUNDLE_LOADER = "$(TEST_HOST)";
				CODE_SIGN_STYLE = Automatic;
				CURRENT_PROJECT_VERSION = 1;
				DEVELOPMENT_TEAM = KVCLVWK89H;
				GENERATE_INFOPLIST_FILE = YES;
				IPHONEOS_DEPLOYMENT_TARGET = 16.2;
				MACOSX_DEPLOYMENT_TARGET = 12.6;
				MARKETING_VERSION = 1.0;
				PRODUCT_BUNDLE_IDENTIFIER = com.salaceairline.AnimalPocketAPITest;
				PRODUCT_NAME = "$(TARGET_NAME)";
				SDKROOT = auto;
				SUPPORTED_PLATFORMS = "iphoneos iphonesimulator macosx";
				SWIFT_EMIT_LOC_STRINGS = NO;
				SWIFT_VERSION = 5.0;
				TARGETED_DEVICE_FAMILY = "1,2";
				TEST_HOST = "$(BUILT_PRODUCTS_DIR)/AnimalPocket.app/$(BUNDLE_EXECUTABLE_FOLDER_PATH)/AnimalPocket";
			};
			name = Release;
		};
		101AFA04290BBD9200855FA6 /* Debug */ = {
			isa = XCBuildConfiguration;
			buildSettings = {
				ALWAYS_SEARCH_USER_PATHS = NO;
				CLANG_ANALYZER_NONNULL = YES;
				CLANG_ANALYZER_NUMBER_OBJECT_CONVERSION = YES_AGGRESSIVE;
				CLANG_CXX_LANGUAGE_STANDARD = "gnu++20";
				CLANG_ENABLE_MODULES = YES;
				CLANG_ENABLE_OBJC_ARC = YES;
				CLANG_ENABLE_OBJC_WEAK = YES;
				CLANG_WARN_BLOCK_CAPTURE_AUTORELEASING = YES;
				CLANG_WARN_BOOL_CONVERSION = YES;
				CLANG_WARN_COMMA = YES;
				CLANG_WARN_CONSTANT_CONVERSION = YES;
				CLANG_WARN_DEPRECATED_OBJC_IMPLEMENTATIONS = YES;
				CLANG_WARN_DIRECT_OBJC_ISA_USAGE = YES_ERROR;
				CLANG_WARN_DOCUMENTATION_COMMENTS = YES;
				CLANG_WARN_EMPTY_BODY = YES;
				CLANG_WARN_ENUM_CONVERSION = YES;
				CLANG_WARN_INFINITE_RECURSION = YES;
				CLANG_WARN_INT_CONVERSION = YES;
				CLANG_WARN_NON_LITERAL_NULL_CONVERSION = YES;
				CLANG_WARN_OBJC_IMPLICIT_RETAIN_SELF = YES;
				CLANG_WARN_OBJC_LITERAL_CONVERSION = YES;
				CLANG_WARN_OBJC_ROOT_CLASS = YES_ERROR;
				CLANG_WARN_QUOTED_INCLUDE_IN_FRAMEWORK_HEADER = YES;
				CLANG_WARN_RANGE_LOOP_ANALYSIS = YES;
				CLANG_WARN_STRICT_PROTOTYPES = YES;
				CLANG_WARN_SUSPICIOUS_MOVE = YES;
				CLANG_WARN_UNGUARDED_AVAILABILITY = YES_AGGRESSIVE;
				CLANG_WARN_UNREACHABLE_CODE = YES;
				CLANG_WARN__DUPLICATE_METHOD_MATCH = YES;
				COPY_PHASE_STRIP = NO;
				DEBUG_INFORMATION_FORMAT = dwarf;
				ENABLE_STRICT_OBJC_MSGSEND = YES;
				ENABLE_TESTABILITY = YES;
				GCC_C_LANGUAGE_STANDARD = gnu11;
				GCC_DYNAMIC_NO_PIC = NO;
				GCC_NO_COMMON_BLOCKS = YES;
				GCC_OPTIMIZATION_LEVEL = 0;
				GCC_PREPROCESSOR_DEFINITIONS = (
					"DEBUG=1",
					"$(inherited)",
				);
				GCC_WARN_64_TO_32_BIT_CONVERSION = YES;
				GCC_WARN_ABOUT_RETURN_TYPE = YES_ERROR;
				GCC_WARN_UNDECLARED_SELECTOR = YES;
				GCC_WARN_UNINITIALIZED_AUTOS = YES_AGGRESSIVE;
				GCC_WARN_UNUSED_FUNCTION = YES;
				GCC_WARN_UNUSED_VARIABLE = YES;
				IPHONEOS_DEPLOYMENT_TARGET = 16.0;
				MTL_ENABLE_DEBUG_INFO = INCLUDE_SOURCE;
				MTL_FAST_MATH = YES;
				ONLY_ACTIVE_ARCH = YES;
				SDKROOT = iphoneos;
				SWIFT_ACTIVE_COMPILATION_CONDITIONS = DEBUG;
				SWIFT_OPTIMIZATION_LEVEL = "-Onone";
			};
			name = Debug;
		};
		101AFA05290BBD9200855FA6 /* Release */ = {
			isa = XCBuildConfiguration;
			buildSettings = {
				ALWAYS_SEARCH_USER_PATHS = NO;
				CLANG_ANALYZER_NONNULL = YES;
				CLANG_ANALYZER_NUMBER_OBJECT_CONVERSION = YES_AGGRESSIVE;
				CLANG_CXX_LANGUAGE_STANDARD = "gnu++20";
				CLANG_ENABLE_MODULES = YES;
				CLANG_ENABLE_OBJC_ARC = YES;
				CLANG_ENABLE_OBJC_WEAK = YES;
				CLANG_WARN_BLOCK_CAPTURE_AUTORELEASING = YES;
				CLANG_WARN_BOOL_CONVERSION = YES;
				CLANG_WARN_COMMA = YES;
				CLANG_WARN_CONSTANT_CONVERSION = YES;
				CLANG_WARN_DEPRECATED_OBJC_IMPLEMENTATIONS = YES;
				CLANG_WARN_DIRECT_OBJC_ISA_USAGE = YES_ERROR;
				CLANG_WARN_DOCUMENTATION_COMMENTS = YES;
				CLANG_WARN_EMPTY_BODY = YES;
				CLANG_WARN_ENUM_CONVERSION = YES;
				CLANG_WARN_INFINITE_RECURSION = YES;
				CLANG_WARN_INT_CONVERSION = YES;
				CLANG_WARN_NON_LITERAL_NULL_CONVERSION = YES;
				CLANG_WARN_OBJC_IMPLICIT_RETAIN_SELF = YES;
				CLANG_WARN_OBJC_LITERAL_CONVERSION = YES;
				CLANG_WARN_OBJC_ROOT_CLASS = YES_ERROR;
				CLANG_WARN_QUOTED_INCLUDE_IN_FRAMEWORK_HEADER = YES;
				CLANG_WARN_RANGE_LOOP_ANALYSIS = YES;
				CLANG_WARN_STRICT_PROTOTYPES = YES;
				CLANG_WARN_SUSPICIOUS_MOVE = YES;
				CLANG_WARN_UNGUARDED_AVAILABILITY = YES_AGGRESSIVE;
				CLANG_WARN_UNREACHABLE_CODE = YES;
				CLANG_WARN__DUPLICATE_METHOD_MATCH = YES;
				COPY_PHASE_STRIP = NO;
				DEBUG_INFORMATION_FORMAT = "dwarf-with-dsym";
				ENABLE_NS_ASSERTIONS = NO;
				ENABLE_STRICT_OBJC_MSGSEND = YES;
				GCC_C_LANGUAGE_STANDARD = gnu11;
				GCC_NO_COMMON_BLOCKS = YES;
				GCC_WARN_64_TO_32_BIT_CONVERSION = YES;
				GCC_WARN_ABOUT_RETURN_TYPE = YES_ERROR;
				GCC_WARN_UNDECLARED_SELECTOR = YES;
				GCC_WARN_UNINITIALIZED_AUTOS = YES_AGGRESSIVE;
				GCC_WARN_UNUSED_FUNCTION = YES;
				GCC_WARN_UNUSED_VARIABLE = YES;
				IPHONEOS_DEPLOYMENT_TARGET = 16.0;
				MTL_ENABLE_DEBUG_INFO = NO;
				MTL_FAST_MATH = YES;
				SDKROOT = iphoneos;
				SWIFT_COMPILATION_MODE = wholemodule;
				SWIFT_OPTIMIZATION_LEVEL = "-O";
				VALIDATE_PRODUCT = YES;
			};
			name = Release;
		};
		101AFA07290BBD9200855FA6 /* Debug */ = {
			isa = XCBuildConfiguration;
			buildSettings = {
				ASSETCATALOG_COMPILER_APPICON_NAME = AppIcon;
				ASSETCATALOG_COMPILER_GLOBAL_ACCENT_COLOR_NAME = AccentColor;
				CODE_SIGN_STYLE = Automatic;
				CURRENT_PROJECT_VERSION = 1;
				DEVELOPMENT_ASSET_PATHS = "\"AnimalPocket/Preview Content\"";
				ENABLE_PREVIEWS = YES;
				GENERATE_INFOPLIST_FILE = YES;
				INFOPLIST_FILE = AnimalPocket/Info.plist;
				INFOPLIST_KEY_UIApplicationSupportsIndirectInputEvents = YES;
				INFOPLIST_KEY_UILaunchScreen_Generation = YES;
				INFOPLIST_KEY_UISupportedInterfaceOrientations_iPad = "UIInterfaceOrientationPortrait UIInterfaceOrientationPortraitUpsideDown UIInterfaceOrientationLandscapeLeft UIInterfaceOrientationLandscapeRight";
				INFOPLIST_KEY_UISupportedInterfaceOrientations_iPhone = "UIInterfaceOrientationPortrait UIInterfaceOrientationLandscapeLeft UIInterfaceOrientationLandscapeRight";
				LD_RUNPATH_SEARCH_PATHS = (
					"$(inherited)",
					"@executable_path/Frameworks",
				);
				MARKETING_VERSION = 1.0;
				PRODUCT_BUNDLE_IDENTIFIER = com.salaceairline.AnimalPocket;
				PRODUCT_NAME = "$(TARGET_NAME)";
				SWIFT_EMIT_LOC_STRINGS = YES;
				SWIFT_VERSION = 5.0;
				TARGETED_DEVICE_FAMILY = "1,2";
			};
			name = Debug;
		};
		101AFA08290BBD9200855FA6 /* Release */ = {
			isa = XCBuildConfiguration;
			buildSettings = {
				ASSETCATALOG_COMPILER_APPICON_NAME = AppIcon;
				ASSETCATALOG_COMPILER_GLOBAL_ACCENT_COLOR_NAME = AccentColor;
				CODE_SIGN_STYLE = Automatic;
				CURRENT_PROJECT_VERSION = 1;
				DEVELOPMENT_ASSET_PATHS = "\"AnimalPocket/Preview Content\"";
				ENABLE_PREVIEWS = YES;
				GENERATE_INFOPLIST_FILE = YES;
				INFOPLIST_FILE = AnimalPocket/Info.plist;
				INFOPLIST_KEY_UIApplicationSupportsIndirectInputEvents = YES;
				INFOPLIST_KEY_UILaunchScreen_Generation = YES;
				INFOPLIST_KEY_UISupportedInterfaceOrientations_iPad = "UIInterfaceOrientationPortrait UIInterfaceOrientationPortraitUpsideDown UIInterfaceOrientationLandscapeLeft UIInterfaceOrientationLandscapeRight";
				INFOPLIST_KEY_UISupportedInterfaceOrientations_iPhone = "UIInterfaceOrientationPortrait UIInterfaceOrientationLandscapeLeft UIInterfaceOrientationLandscapeRight";
				LD_RUNPATH_SEARCH_PATHS = (
					"$(inherited)",
					"@executable_path/Frameworks",
				);
				MARKETING_VERSION = 1.0;
				PRODUCT_BUNDLE_IDENTIFIER = com.salaceairline.AnimalPocket;
				PRODUCT_NAME = "$(TARGET_NAME)";
				SWIFT_EMIT_LOC_STRINGS = YES;
				SWIFT_VERSION = 5.0;
				TARGETED_DEVICE_FAMILY = "1,2";
			};
			name = Release;
		};
		101AFA0A290BBD9200855FA6 /* Debug */ = {
			isa = XCBuildConfiguration;
			buildSettings = {
				ALWAYS_EMBED_SWIFT_STANDARD_LIBRARIES = YES;
				BUNDLE_LOADER = "$(TEST_HOST)";
				CODE_SIGN_STYLE = Automatic;
				CURRENT_PROJECT_VERSION = 1;
				GENERATE_INFOPLIST_FILE = YES;
				IPHONEOS_DEPLOYMENT_TARGET = 16.0;
				MARKETING_VERSION = 1.0;
				PRODUCT_BUNDLE_IDENTIFIER = com.salaceairline.AnimalPocketTests;
				PRODUCT_NAME = "$(TARGET_NAME)";
				SWIFT_EMIT_LOC_STRINGS = NO;
				SWIFT_VERSION = 5.0;
				TARGETED_DEVICE_FAMILY = "1,2";
				TEST_HOST = "$(BUILT_PRODUCTS_DIR)/AnimalPocket.app/$(BUNDLE_EXECUTABLE_FOLDER_PATH)/AnimalPocket";
			};
			name = Debug;
		};
		101AFA0B290BBD9200855FA6 /* Release */ = {
			isa = XCBuildConfiguration;
			buildSettings = {
				ALWAYS_EMBED_SWIFT_STANDARD_LIBRARIES = YES;
				BUNDLE_LOADER = "$(TEST_HOST)";
				CODE_SIGN_STYLE = Automatic;
				CURRENT_PROJECT_VERSION = 1;
				GENERATE_INFOPLIST_FILE = YES;
				IPHONEOS_DEPLOYMENT_TARGET = 16.0;
				MARKETING_VERSION = 1.0;
				PRODUCT_BUNDLE_IDENTIFIER = com.salaceairline.AnimalPocketTests;
				PRODUCT_NAME = "$(TARGET_NAME)";
				SWIFT_EMIT_LOC_STRINGS = NO;
				SWIFT_VERSION = 5.0;
				TARGETED_DEVICE_FAMILY = "1,2";
				TEST_HOST = "$(BUILT_PRODUCTS_DIR)/AnimalPocket.app/$(BUNDLE_EXECUTABLE_FOLDER_PATH)/AnimalPocket";
			};
			name = Release;
		};
		101AFA0D290BBD9200855FA6 /* Debug */ = {
			isa = XCBuildConfiguration;
			buildSettings = {
				ALWAYS_EMBED_SWIFT_STANDARD_LIBRARIES = YES;
				CODE_SIGN_STYLE = Automatic;
				CURRENT_PROJECT_VERSION = 1;
				GENERATE_INFOPLIST_FILE = YES;
				MARKETING_VERSION = 1.0;
				PRODUCT_BUNDLE_IDENTIFIER = com.salaceairline.AnimalPocketUITests;
				PRODUCT_NAME = "$(TARGET_NAME)";
				SWIFT_EMIT_LOC_STRINGS = NO;
				SWIFT_VERSION = 5.0;
				TARGETED_DEVICE_FAMILY = "1,2";
				TEST_TARGET_NAME = AnimalPocket;
			};
			name = Debug;
		};
		101AFA0E290BBD9200855FA6 /* Release */ = {
			isa = XCBuildConfiguration;
			buildSettings = {
				ALWAYS_EMBED_SWIFT_STANDARD_LIBRARIES = YES;
				CODE_SIGN_STYLE = Automatic;
				CURRENT_PROJECT_VERSION = 1;
				GENERATE_INFOPLIST_FILE = YES;
				MARKETING_VERSION = 1.0;
				PRODUCT_BUNDLE_IDENTIFIER = com.salaceairline.AnimalPocketUITests;
				PRODUCT_NAME = "$(TARGET_NAME)";
				SWIFT_EMIT_LOC_STRINGS = NO;
				SWIFT_VERSION = 5.0;
				TARGETED_DEVICE_FAMILY = "1,2";
				TEST_TARGET_NAME = AnimalPocket;
			};
			name = Release;
		};
/* End XCBuildConfiguration section */

/* Begin XCConfigurationList section */
		00D9B996299646EA001B9FF6 /* Build configuration list for PBXNativeTarget "AnimalPocketAPITest" */ = {
			isa = XCConfigurationList;
			buildConfigurations = (
				00D9B994299646EA001B9FF6 /* Debug */,
				00D9B995299646EA001B9FF6 /* Release */,
			);
			defaultConfigurationIsVisible = 0;
			defaultConfigurationName = Release;
		};
		101AF9DD290BBD9100855FA6 /* Build configuration list for PBXProject "AnimalPocket" */ = {
			isa = XCConfigurationList;
			buildConfigurations = (
				101AFA04290BBD9200855FA6 /* Debug */,
				101AFA05290BBD9200855FA6 /* Release */,
			);
			defaultConfigurationIsVisible = 0;
			defaultConfigurationName = Release;
		};
		101AFA06290BBD9200855FA6 /* Build configuration list for PBXNativeTarget "AnimalPocket" */ = {
			isa = XCConfigurationList;
			buildConfigurations = (
				101AFA07290BBD9200855FA6 /* Debug */,
				101AFA08290BBD9200855FA6 /* Release */,
			);
			defaultConfigurationIsVisible = 0;
			defaultConfigurationName = Release;
		};
		101AFA09290BBD9200855FA6 /* Build configuration list for PBXNativeTarget "AnimalPocketTests" */ = {
			isa = XCConfigurationList;
			buildConfigurations = (
				101AFA0A290BBD9200855FA6 /* Debug */,
				101AFA0B290BBD9200855FA6 /* Release */,
			);
			defaultConfigurationIsVisible = 0;
			defaultConfigurationName = Release;
		};
		101AFA0C290BBD9200855FA6 /* Build configuration list for PBXNativeTarget "AnimalPocketUITests" */ = {
			isa = XCConfigurationList;
			buildConfigurations = (
				101AFA0D290BBD9200855FA6 /* Debug */,
				101AFA0E290BBD9200855FA6 /* Release */,
			);
			defaultConfigurationIsVisible = 0;
			defaultConfigurationName = Release;
		};
/* End XCConfigurationList section */
	};
	rootObject = 101AF9DA290BBD9100855FA6 /* Project object */;
}
